
Microsoft Visual Studio Solution File, Format Version 12.00
# Visual Studio Version 17
VisualStudioVersion = 17.1.32210.238
MinimumVisualStudioVersion = 10.0.40219.1
Project("{FAE04EC0-301F-11D3-BF4B-00C04F79EFBC}") = "Program", "command\Program.csproj", "{59793420-032A-417A-BD40-81CDB76CC282}"
EndProject
Global
	GlobalSection(SolutionConfigurationPlatforms) = preSolution
		Debug|Any CPU = Debug|Any CPU
		Release|Any CPU = Release|Any CPU
	EndGlobalSection
	GlobalSection(ProjectConfigurationPlatforms) = postSolution
		{59793420-032A-417A-BD40-81CDB76CC282}.Debug|Any CPU.ActiveCfg = Debug|Any CPU
		{59793420-032A-417A-BD40-81CDB76CC282}.Debug|Any CPU.Build.0 = Debug|Any CPU
		{59793420-032A-417A-BD40-81CDB76CC282}.Release|Any CPU.ActiveCfg = Release|Any CPU
		{59793420-032A-417A-BD40-81CDB76CC282}.Release|Any CPU.Build.0 = Release|Any CPU
	EndGlobalSection
	GlobalSection(SolutionProperties) = preSolution
		HideSolutionNode = FALSE
	EndGlobalSection
	GlobalSection(ExtensibilityGlobals) = postSolution
		SolutionGuid = {75ADD0F7-6782-4FA4-9084-AB2BE72B8592}
	EndGlobalSection
EndGlobal
